
Microsoft Visual Studio Solution File, Format Version 12.00
# Visual Studio Version 16
VisualStudioVersion = 16.0.32228.343
MinimumVisualStudioVersion = 10.0.40219.1
Project("{FAE04EC0-301F-11D3-BF4B-00C04F79EFBC}") = "KTANE-Bot", "KTANE-Bot.csproj", "{B9DFB1FB-03A7-4639-9D9D-01B671742B36}"
EndProject
Global
	GlobalSection(SolutionConfigurationPlatforms) = preSolution
		Debug|Any CPU = Debug|Any CPU
		Release|Any CPU = Release|Any CPU
	EndGlobalSection
	GlobalSection(ProjectConfigurationPlatforms) = postSolution
		{B9DFB1FB-03A7-4639-9D9D-01B671742B36}.Debug|Any CPU.ActiveCfg = Debug|Any CPU
		{B9DFB1FB-03A7-4639-9D9D-01B671742B36}.Debug|Any CPU.Build.0 = Debug|Any CPU
		{B9DFB1FB-03A7-4639-9D9D-01B671742B36}.Release|Any CPU.ActiveCfg = Release|Any CPU
		{B9DFB1FB-03A7-4639-9D9D-01B671742B36}.Release|Any CPU.Build.0 = Release|Any CPU
	EndGlobalSection
	GlobalSection(SolutionProperties) = preSolution
		HideSolutionNode = FALSE
	EndGlobalSection
	GlobalSection(ExtensibilityGlobals) = postSolution
		SolutionGuid = {CBD055EE-8ECB-4C4D-B381-86FFC88DF4A7}
	EndGlobalSection
EndGlobal
